// !$*UTF8*$!
{
	archiveVersion = 1;
	classes = {
	};
	objectVersion = 50;
	objects = {

/* Begin PBXBuildFile section */
		630F002021AE83680009D721 /* AppDelegate.m in Sources */ = {isa = PBXBuildFile; fileRef = 630F001F21AE83680009D721 /* AppDelegate.m */; };
		630F002321AE83680009D721 /* ViewController.m in Sources */ = {isa = PBXBuildFile; fileRef = 630F002221AE83680009D721 /* ViewController.m */; };
		630F002621AE83680009D721 /* Main.storyboard in Resources */ = {isa = PBXBuildFile; fileRef = 630F002421AE83680009D721 /* Main.storyboard */; };
		630F002821AE83690009D721 /* Assets.xcassets in Resources */ = {isa = PBXBuildFile; fileRef = 630F002721AE83690009D721 /* Assets.xcassets */; };
		630F002B21AE83690009D721 /* LaunchScreen.storyboard in Resources */ = {isa = PBXBuildFile; fileRef = 630F002921AE83690009D721 /* LaunchScreen.storyboard */; };
		630F002E21AE83690009D721 /* main.m in Sources */ = {isa = PBXBuildFile; fileRef = 630F002D21AE83690009D721 /* main.m */; };
		630F003721AE83CF0009D721 /* drawCircle.js in Resources */ = {isa = PBXBuildFile; fileRef = 630F003621AE83CE0009D721 /* drawCircle.js */; };
		630F003A21AE856E0009D721 /* ARESView.m in Sources */ = {isa = PBXBuildFile; fileRef = 630F003921AE856E0009D721 /* ARESView.m */; };
		630F003D21AE861C0009D721 /* ARESScript.m in Sources */ = {isa = PBXBuildFile; fileRef = 630F003C21AE861C0009D721 /* ARESScript.m */; };
		630F004021AE86400009D721 /* ARESHandler.m in Sources */ = {isa = PBXBuildFile; fileRef = 630F003F21AE86400009D721 /* ARESHandler.m */; };
		630F004321AE89450009D721 /* ARESCommand.m in Sources */ = {isa = PBXBuildFile; fileRef = 630F004221AE89450009D721 /* ARESCommand.m */; };
		630F004721AE8D200009D721 /* ARESFillStyleCommand.m in Sources */ = {isa = PBXBuildFile; fileRef = 630F004621AE8D200009D721 /* ARESFillStyleCommand.m */; };
		630F004A21AE8D8B0009D721 /* ARESJSBridge.m in Sources */ = {isa = PBXBuildFile; fileRef = 630F004921AE8D8B0009D721 /* ARESJSBridge.m */; };
		630F004D21AE8F620009D721 /* ARESJSEnvContext.m in Sources */ = {isa = PBXBuildFile; fileRef = 630F004C21AE8F620009D721 /* ARESJSEnvContext.m */; };
		630F005021AE94DA0009D721 /* ARESFillRectCommand.m in Sources */ = {isa = PBXBuildFile; fileRef = 630F004F21AE94DA0009D721 /* ARESFillRectCommand.m */; };
		6312650621AFD124000AA19A /* ARESGlobalAlphaCommand.m in Sources */ = {isa = PBXBuildFile; fileRef = 6312650521AFD124000AA19A /* ARESGlobalAlphaCommand.m */; };
		6312650921AFD2CD000AA19A /* ARESClearRectCommand.m in Sources */ = {isa = PBXBuildFile; fileRef = 6312650821AFD2CD000AA19A /* ARESClearRectCommand.m */; };
		6312650C21AFD427000AA19A /* ARESLineCapCommand.m in Sources */ = {isa = PBXBuildFile; fileRef = 6312650B21AFD427000AA19A /* ARESLineCapCommand.m */; };
		6312650F21AFD457000AA19A /* ARESLineJoinCommand.m in Sources */ = {isa = PBXBuildFile; fileRef = 6312650E21AFD457000AA19A /* ARESLineJoinCommand.m */; };
		6312651221AFD464000AA19A /* ARESMiterLimitCommand.m in Sources */ = {isa = PBXBuildFile; fileRef = 6312651121AFD464000AA19A /* ARESMiterLimitCommand.m */; };
		6312651521AFF819000AA19A /* ARESBeginPathCommand.m in Sources */ = {isa = PBXBuildFile; fileRef = 6312651421AFF819000AA19A /* ARESBeginPathCommand.m */; };
		6312651821AFF85C000AA19A /* ARESClosePathCommand.m in Sources */ = {isa = PBXBuildFile; fileRef = 6312651721AFF85C000AA19A /* ARESClosePathCommand.m */; };
		6312651B21AFF866000AA19A /* ARESStrokeCommand.m in Sources */ = {isa = PBXBuildFile; fileRef = 6312651A21AFF866000AA19A /* ARESStrokeCommand.m */; };
		6312651E21AFF870000AA19A /* ARESFillCommand.m in Sources */ = {isa = PBXBuildFile; fileRef = 6312651D21AFF870000AA19A /* ARESFillCommand.m */; };
		6312652121AFF87A000AA19A /* ARESLineToCommand.m in Sources */ = {isa = PBXBuildFile; fileRef = 6312652021AFF87A000AA19A /* ARESLineToCommand.m */; };
		6312652421AFF887000AA19A /* ARESMoveToCommand.m in Sources */ = {isa = PBXBuildFile; fileRef = 6312652321AFF887000AA19A /* ARESMoveToCommand.m */; };
		6312652721AFF893000AA19A /* ARESRectCommand.m in Sources */ = {isa = PBXBuildFile; fileRef = 6312652621AFF893000AA19A /* ARESRectCommand.m */; };
		6312652A21AFF8A0000AA19A /* ARESQuadraticCurveToCommand.m in Sources */ = {isa = PBXBuildFile; fileRef = 6312652921AFF8A0000AA19A /* ARESQuadraticCurveToCommand.m */; };
		6312652D21AFF8AB000AA19A /* ARESBezierCurveToCommand.m in Sources */ = {isa = PBXBuildFile; fileRef = 6312652C21AFF8AB000AA19A /* ARESBezierCurveToCommand.m */; };
		6312653021AFF8B7000AA19A /* ARESArcCommand.m in Sources */ = {isa = PBXBuildFile; fileRef = 6312652F21AFF8B7000AA19A /* ARESArcCommand.m */; };
		6312653321AFF8C2000AA19A /* ARESArcToCommand.m in Sources */ = {isa = PBXBuildFile; fileRef = 6312653221AFF8C2000AA19A /* ARESArcToCommand.m */; };
		6312653621AFF8CC000AA19A /* ARESClipCommand.m in Sources */ = {isa = PBXBuildFile; fileRef = 6312653521AFF8CC000AA19A /* ARESClipCommand.m */; };
		6312653C21B14B87000AA19A /* ARESSaveCommand.m in Sources */ = {isa = PBXBuildFile; fileRef = 6312653B21B14B87000AA19A /* ARESSaveCommand.m */; };
		6312653F21B14B97000AA19A /* ARESRestoreCommand.m in Sources */ = {isa = PBXBuildFile; fileRef = 6312653E21B14B97000AA19A /* ARESRestoreCommand.m */; };
		6312654221B14BA4000AA19A /* ARESScaleCommand.m in Sources */ = {isa = PBXBuildFile; fileRef = 6312654121B14BA4000AA19A /* ARESScaleCommand.m */; };
		6312654521B14BAE000AA19A /* ARESRotateCommand.m in Sources */ = {isa = PBXBuildFile; fileRef = 6312654421B14BAE000AA19A /* ARESRotateCommand.m */; };
		6312654821B14BBD000AA19A /* ARESTranslateCommand.m in Sources */ = {isa = PBXBuildFile; fileRef = 6312654721B14BBD000AA19A /* ARESTranslateCommand.m */; };
		6312654B21B14BCE000AA19A /* ARESTransformCommand.m in Sources */ = {isa = PBXBuildFile; fileRef = 6312654A21B14BCE000AA19A /* ARESTransformCommand.m */; };
		6312654E21B14BDF000AA19A /* ARESSetTransformCommand.m in Sources */ = {isa = PBXBuildFile; fileRef = 6312654D21B14BDF000AA19A /* ARESSetTransformCommand.m */; };
		6383E35721AF86FE007560D4 /* ARESStrokeStyleCommand.m in Sources */ = {isa = PBXBuildFile; fileRef = 6383E35621AF86FE007560D4 /* ARESStrokeStyleCommand.m */; };
		6383E35A21AF8763007560D4 /* ARESLineWidthCommand.m in Sources */ = {isa = PBXBuildFile; fileRef = 6383E35921AF8763007560D4 /* ARESLineWidthCommand.m */; };
		6383E35D21AFC921007560D4 /* ARESStrokeRectCommand.m in Sources */ = {isa = PBXBuildFile; fileRef = 6383E35C21AFC921007560D4 /* ARESStrokeRectCommand.m */; };
/* End PBXBuildFile section */

/* Begin PBXFileReference section */
		630F001B21AE83670009D721 /* ares.app */ = {isa = PBXFileReference; explicitFileType = wrapper.application; includeInIndex = 0; path = ares.app; sourceTree = BUILT_PRODUCTS_DIR; };
		630F001E21AE83670009D721 /* AppDelegate.h */ = {isa = PBXFileReference; lastKnownFileType = sourcecode.c.h; path = AppDelegate.h; sourceTree = "<group>"; };
		630F001F21AE83680009D721 /* AppDelegate.m */ = {isa = PBXFileReference; lastKnownFileType = sourcecode.c.objc; path = AppDelegate.m; sourceTree = "<group>"; };
		630F002121AE83680009D721 /* ViewController.h */ = {isa = PBXFileReference; lastKnownFileType = sourcecode.c.h; path = ViewController.h; sourceTree = "<group>"; };
		630F002221AE83680009D721 /* ViewController.m */ = {isa = PBXFileReference; lastKnownFileType = sourcecode.c.objc; path = ViewController.m; sourceTree = "<group>"; };
		630F002521AE83680009D721 /* Base */ = {isa = PBXFileReference; lastKnownFileType = file.storyboard; name = Base; path = Base.lproj/Main.storyboard; sourceTree = "<group>"; };
		630F002721AE83690009D721 /* Assets.xcassets */ = {isa = PBXFileReference; lastKnownFileType = folder.assetcatalog; path = Assets.xcassets; sourceTree = "<group>"; };
		630F002A21AE83690009D721 /* Base */ = {isa = PBXFileReference; lastKnownFileType = file.storyboard; name = Base; path = Base.lproj/LaunchScreen.storyboard; sourceTree = "<group>"; };
		630F002C21AE83690009D721 /* Info.plist */ = {isa = PBXFileReference; lastKnownFileType = text.plist.xml; path = Info.plist; sourceTree = "<group>"; };
		630F002D21AE83690009D721 /* main.m */ = {isa = PBXFileReference; lastKnownFileType = sourcecode.c.objc; path = main.m; sourceTree = "<group>"; };
		630F003621AE83CE0009D721 /* drawCircle.js */ = {isa = PBXFileReference; fileEncoding = 4; lastKnownFileType = sourcecode.javascript; path = drawCircle.js; sourceTree = "<group>"; };
		630F003821AE856E0009D721 /* ARESView.h */ = {isa = PBXFileReference; lastKnownFileType = sourcecode.c.h; path = ARESView.h; sourceTree = "<group>"; };
		630F003921AE856E0009D721 /* ARESView.m */ = {isa = PBXFileReference; lastKnownFileType = sourcecode.c.objc; path = ARESView.m; sourceTree = "<group>"; };
		630F003B21AE861C0009D721 /* ARESScript.h */ = {isa = PBXFileReference; lastKnownFileType = sourcecode.c.h; path = ARESScript.h; sourceTree = "<group>"; };
		630F003C21AE861C0009D721 /* ARESScript.m */ = {isa = PBXFileReference; lastKnownFileType = sourcecode.c.objc; path = ARESScript.m; sourceTree = "<group>"; };
		630F003E21AE86400009D721 /* ARESHandler.h */ = {isa = PBXFileReference; lastKnownFileType = sourcecode.c.h; path = ARESHandler.h; sourceTree = "<group>"; };
		630F003F21AE86400009D721 /* ARESHandler.m */ = {isa = PBXFileReference; lastKnownFileType = sourcecode.c.objc; path = ARESHandler.m; sourceTree = "<group>"; };
		630F004121AE89450009D721 /* ARESCommand.h */ = {isa = PBXFileReference; lastKnownFileType = sourcecode.c.h; path = ARESCommand.h; sourceTree = "<group>"; };
		630F004221AE89450009D721 /* ARESCommand.m */ = {isa = PBXFileReference; lastKnownFileType = sourcecode.c.objc; path = ARESCommand.m; sourceTree = "<group>"; };
		630F004521AE8D200009D721 /* ARESFillStyleCommand.h */ = {isa = PBXFileReference; lastKnownFileType = sourcecode.c.h; path = ARESFillStyleCommand.h; sourceTree = "<group>"; };
		630F004621AE8D200009D721 /* ARESFillStyleCommand.m */ = {isa = PBXFileReference; lastKnownFileType = sourcecode.c.objc; path = ARESFillStyleCommand.m; sourceTree = "<group>"; };
		630F004821AE8D8B0009D721 /* ARESJSBridge.h */ = {isa = PBXFileReference; lastKnownFileType = sourcecode.c.h; path = ARESJSBridge.h; sourceTree = "<group>"; };
		630F004921AE8D8B0009D721 /* ARESJSBridge.m */ = {isa = PBXFileReference; lastKnownFileType = sourcecode.c.objc; path = ARESJSBridge.m; sourceTree = "<group>"; };
		630F004B21AE8F620009D721 /* ARESJSEnvContext.h */ = {isa = PBXFileReference; lastKnownFileType = sourcecode.c.h; path = ARESJSEnvContext.h; sourceTree = "<group>"; };
		630F004C21AE8F620009D721 /* ARESJSEnvContext.m */ = {isa = PBXFileReference; lastKnownFileType = sourcecode.c.objc; path = ARESJSEnvContext.m; sourceTree = "<group>"; };
		630F004E21AE94DA0009D721 /* ARESFillRectCommand.h */ = {isa = PBXFileReference; lastKnownFileType = sourcecode.c.h; path = ARESFillRectCommand.h; sourceTree = "<group>"; };
		630F004F21AE94DA0009D721 /* ARESFillRectCommand.m */ = {isa = PBXFileReference; lastKnownFileType = sourcecode.c.objc; path = ARESFillRectCommand.m; sourceTree = "<group>"; };
		6312650421AFD124000AA19A /* ARESGlobalAlphaCommand.h */ = {isa = PBXFileReference; lastKnownFileType = sourcecode.c.h; path = ARESGlobalAlphaCommand.h; sourceTree = "<group>"; };
		6312650521AFD124000AA19A /* ARESGlobalAlphaCommand.m */ = {isa = PBXFileReference; lastKnownFileType = sourcecode.c.objc; path = ARESGlobalAlphaCommand.m; sourceTree = "<group>"; };
		6312650721AFD2CD000AA19A /* ARESClearRectCommand.h */ = {isa = PBXFileReference; lastKnownFileType = sourcecode.c.h; path = ARESClearRectCommand.h; sourceTree = "<group>"; };
		6312650821AFD2CD000AA19A /* ARESClearRectCommand.m */ = {isa = PBXFileReference; lastKnownFileType = sourcecode.c.objc; path = ARESClearRectCommand.m; sourceTree = "<group>"; };
		6312650A21AFD427000AA19A /* ARESLineCapCommand.h */ = {isa = PBXFileReference; lastKnownFileType = sourcecode.c.h; path = ARESLineCapCommand.h; sourceTree = "<group>"; };
		6312650B21AFD427000AA19A /* ARESLineCapCommand.m */ = {isa = PBXFileReference; lastKnownFileType = sourcecode.c.objc; path = ARESLineCapCommand.m; sourceTree = "<group>"; };
		6312650D21AFD457000AA19A /* ARESLineJoinCommand.h */ = {isa = PBXFileReference; lastKnownFileType = sourcecode.c.h; path = ARESLineJoinCommand.h; sourceTree = "<group>"; };
		6312650E21AFD457000AA19A /* ARESLineJoinCommand.m */ = {isa = PBXFileReference; lastKnownFileType = sourcecode.c.objc; path = ARESLineJoinCommand.m; sourceTree = "<group>"; };
		6312651021AFD464000AA19A /* ARESMiterLimitCommand.h */ = {isa = PBXFileReference; lastKnownFileType = sourcecode.c.h; path = ARESMiterLimitCommand.h; sourceTree = "<group>"; };
		6312651121AFD464000AA19A /* ARESMiterLimitCommand.m */ = {isa = PBXFileReference; lastKnownFileType = sourcecode.c.objc; path = ARESMiterLimitCommand.m; sourceTree = "<group>"; };
		6312651321AFF819000AA19A /* ARESBeginPathCommand.h */ = {isa = PBXFileReference; lastKnownFileType = sourcecode.c.h; path = ARESBeginPathCommand.h; sourceTree = "<group>"; };
		6312651421AFF819000AA19A /* ARESBeginPathCommand.m */ = {isa = PBXFileReference; lastKnownFileType = sourcecode.c.objc; path = ARESBeginPathCommand.m; sourceTree = "<group>"; };
		6312651621AFF85C000AA19A /* ARESClosePathCommand.h */ = {isa = PBXFileReference; lastKnownFileType = sourcecode.c.h; path = ARESClosePathCommand.h; sourceTree = "<group>"; };
		6312651721AFF85C000AA19A /* ARESClosePathCommand.m */ = {isa = PBXFileReference; lastKnownFileType = sourcecode.c.objc; path = ARESClosePathCommand.m; sourceTree = "<group>"; };
		6312651921AFF866000AA19A /* ARESStrokeCommand.h */ = {isa = PBXFileReference; lastKnownFileType = sourcecode.c.h; path = ARESStrokeCommand.h; sourceTree = "<group>"; };
		6312651A21AFF866000AA19A /* ARESStrokeCommand.m */ = {isa = PBXFileReference; lastKnownFileType = sourcecode.c.objc; path = ARESStrokeCommand.m; sourceTree = "<group>"; };
		6312651C21AFF870000AA19A /* ARESFillCommand.h */ = {isa = PBXFileReference; lastKnownFileType = sourcecode.c.h; path = ARESFillCommand.h; sourceTree = "<group>"; };
		6312651D21AFF870000AA19A /* ARESFillCommand.m */ = {isa = PBXFileReference; lastKnownFileType = sourcecode.c.objc; path = ARESFillCommand.m; sourceTree = "<group>"; };
		6312651F21AFF87A000AA19A /* ARESLineToCommand.h */ = {isa = PBXFileReference; lastKnownFileType = sourcecode.c.h; path = ARESLineToCommand.h; sourceTree = "<group>"; };
		6312652021AFF87A000AA19A /* ARESLineToCommand.m */ = {isa = PBXFileReference; lastKnownFileType = sourcecode.c.objc; path = ARESLineToCommand.m; sourceTree = "<group>"; };
		6312652221AFF887000AA19A /* ARESMoveToCommand.h */ = {isa = PBXFileReference; lastKnownFileType = sourcecode.c.h; path = ARESMoveToCommand.h; sourceTree = "<group>"; };
		6312652321AFF887000AA19A /* ARESMoveToCommand.m */ = {isa = PBXFileReference; lastKnownFileType = sourcecode.c.objc; path = ARESMoveToCommand.m; sourceTree = "<group>"; };
		6312652521AFF893000AA19A /* ARESRectCommand.h */ = {isa = PBXFileReference; lastKnownFileType = sourcecode.c.h; path = ARESRectCommand.h; sourceTree = "<group>"; };
		6312652621AFF893000AA19A /* ARESRectCommand.m */ = {isa = PBXFileReference; lastKnownFileType = sourcecode.c.objc; path = ARESRectCommand.m; sourceTree = "<group>"; };
		6312652821AFF8A0000AA19A /* ARESQuadraticCurveToCommand.h */ = {isa = PBXFileReference; lastKnownFileType = sourcecode.c.h; path = ARESQuadraticCurveToCommand.h; sourceTree = "<group>"; };
		6312652921AFF8A0000AA19A /* ARESQuadraticCurveToCommand.m */ = {isa = PBXFileReference; lastKnownFileType = sourcecode.c.objc; path = ARESQuadraticCurveToCommand.m; sourceTree = "<group>"; };
		6312652B21AFF8AB000AA19A /* ARESBezierCurveToCommand.h */ = {isa = PBXFileReference; lastKnownFileType = sourcecode.c.h; path = ARESBezierCurveToCommand.h; sourceTree = "<group>"; };
		6312652C21AFF8AB000AA19A /* ARESBezierCurveToCommand.m */ = {isa = PBXFileReference; lastKnownFileType = sourcecode.c.objc; path = ARESBezierCurveToCommand.m; sourceTree = "<group>"; };
		6312652E21AFF8B7000AA19A /* ARESArcCommand.h */ = {isa = PBXFileReference; lastKnownFileType = sourcecode.c.h; path = ARESArcCommand.h; sourceTree = "<group>"; };
		6312652F21AFF8B7000AA19A /* ARESArcCommand.m */ = {isa = PBXFileReference; lastKnownFileType = sourcecode.c.objc; path = ARESArcCommand.m; sourceTree = "<group>"; };
		6312653121AFF8C2000AA19A /* ARESArcToCommand.h */ = {isa = PBXFileReference; lastKnownFileType = sourcecode.c.h; path = ARESArcToCommand.h; sourceTree = "<group>"; };
		6312653221AFF8C2000AA19A /* ARESArcToCommand.m */ = {isa = PBXFileReference; lastKnownFileType = sourcecode.c.objc; path = ARESArcToCommand.m; sourceTree = "<group>"; };
		6312653421AFF8CC000AA19A /* ARESClipCommand.h */ = {isa = PBXFileReference; lastKnownFileType = sourcecode.c.h; path = ARESClipCommand.h; sourceTree = "<group>"; };
		6312653521AFF8CC000AA19A /* ARESClipCommand.m */ = {isa = PBXFileReference; lastKnownFileType = sourcecode.c.objc; path = ARESClipCommand.m; sourceTree = "<group>"; };
		6312653A21B14B87000AA19A /* ARESSaveCommand.h */ = {isa = PBXFileReference; lastKnownFileType = sourcecode.c.h; path = ARESSaveCommand.h; sourceTree = "<group>"; };
		6312653B21B14B87000AA19A /* ARESSaveCommand.m */ = {isa = PBXFileReference; lastKnownFileType = sourcecode.c.objc; path = ARESSaveCommand.m; sourceTree = "<group>"; };
		6312653D21B14B97000AA19A /* ARESRestoreCommand.h */ = {isa = PBXFileReference; lastKnownFileType = sourcecode.c.h; path = ARESRestoreCommand.h; sourceTree = "<group>"; };
		6312653E21B14B97000AA19A /* ARESRestoreCommand.m */ = {isa = PBXFileReference; lastKnownFileType = sourcecode.c.objc; path = ARESRestoreCommand.m; sourceTree = "<group>"; };
		6312654021B14BA4000AA19A /* ARESScaleCommand.h */ = {isa = PBXFileReference; lastKnownFileType = sourcecode.c.h; path = ARESScaleCommand.h; sourceTree = "<group>"; };
		6312654121B14BA4000AA19A /* ARESScaleCommand.m */ = {isa = PBXFileReference; lastKnownFileType = sourcecode.c.objc; path = ARESScaleCommand.m; sourceTree = "<group>"; };
		6312654321B14BAE000AA19A /* ARESRotateCommand.h */ = {isa = PBXFileReference; lastKnownFileType = sourcecode.c.h; path = ARESRotateCommand.h; sourceTree = "<group>"; };
		6312654421B14BAE000AA19A /* ARESRotateCommand.m */ = {isa = PBXFileReference; lastKnownFileType = sourcecode.c.objc; path = ARESRotateCommand.m; sourceTree = "<group>"; };
		6312654621B14BBD000AA19A /* ARESTranslateCommand.h */ = {isa = PBXFileReference; lastKnownFileType = sourcecode.c.h; path = ARESTranslateCommand.h; sourceTree = "<group>"; };
		6312654721B14BBD000AA19A /* ARESTranslateCommand.m */ = {isa = PBXFileReference; lastKnownFileType = sourcecode.c.objc; path = ARESTranslateCommand.m; sourceTree = "<group>"; };
		6312654921B14BCE000AA19A /* ARESTransformCommand.h */ = {isa = PBXFileReference; lastKnownFileType = sourcecode.c.h; path = ARESTransformCommand.h; sourceTree = "<group>"; };
		6312654A21B14BCE000AA19A /* ARESTransformCommand.m */ = {isa = PBXFileReference; lastKnownFileType = sourcecode.c.objc; path = ARESTransformCommand.m; sourceTree = "<group>"; };
		6312654C21B14BDF000AA19A /* ARESSetTransformCommand.h */ = {isa = PBXFileReference; lastKnownFileType = sourcecode.c.h; path = ARESSetTransformCommand.h; sourceTree = "<group>"; };
		6312654D21B14BDF000AA19A /* ARESSetTransformCommand.m */ = {isa = PBXFileReference; lastKnownFileType = sourcecode.c.objc; path = ARESSetTransformCommand.m; sourceTree = "<group>"; };
		6383E35521AF86FE007560D4 /* ARESStrokeStyleCommand.h */ = {isa = PBXFileReference; lastKnownFileType = sourcecode.c.h; path = ARESStrokeStyleCommand.h; sourceTree = "<group>"; };
		6383E35621AF86FE007560D4 /* ARESStrokeStyleCommand.m */ = {isa = PBXFileReference; lastKnownFileType = sourcecode.c.objc; path = ARESStrokeStyleCommand.m; sourceTree = "<group>"; };
		6383E35821AF8763007560D4 /* ARESLineWidthCommand.h */ = {isa = PBXFileReference; lastKnownFileType = sourcecode.c.h; path = ARESLineWidthCommand.h; sourceTree = "<group>"; };
		6383E35921AF8763007560D4 /* ARESLineWidthCommand.m */ = {isa = PBXFileReference; lastKnownFileType = sourcecode.c.objc; path = ARESLineWidthCommand.m; sourceTree = "<group>"; };
		6383E35B21AFC921007560D4 /* ARESStrokeRectCommand.h */ = {isa = PBXFileReference; lastKnownFileType = sourcecode.c.h; path = ARESStrokeRectCommand.h; sourceTree = "<group>"; };
		6383E35C21AFC921007560D4 /* ARESStrokeRectCommand.m */ = {isa = PBXFileReference; lastKnownFileType = sourcecode.c.objc; path = ARESStrokeRectCommand.m; sourceTree = "<group>"; };
/* End PBXFileReference section */

/* Begin PBXFrameworksBuildPhase section */
		630F001821AE83670009D721 /* Frameworks */ = {
			isa = PBXFrameworksBuildPhase;
			buildActionMask = 2147483647;
			files = (
			);
			runOnlyForDeploymentPostprocessing = 0;
		};
/* End PBXFrameworksBuildPhase section */

/* Begin PBXGroup section */
		630F001221AE83670009D721 = {
			isa = PBXGroup;
			children = (
				630F003521AE83CE0009D721 /* scripts */,
				630F003421AE83C50009D721 /* sources */,
				630F001D21AE83670009D721 /* ares */,
				630F001C21AE83670009D721 /* Products */,
			);
			sourceTree = "<group>";
		};
		630F001C21AE83670009D721 /* Products */ = {
			isa = PBXGroup;
			children = (
				630F001B21AE83670009D721 /* ares.app */,
			);
			name = Products;
			sourceTree = "<group>";
		};
		630F001D21AE83670009D721 /* ares */ = {
			isa = PBXGroup;
			children = (
				630F001E21AE83670009D721 /* AppDelegate.h */,
				630F001F21AE83680009D721 /* AppDelegate.m */,
				630F002121AE83680009D721 /* ViewController.h */,
				630F002221AE83680009D721 /* ViewController.m */,
				630F002421AE83680009D721 /* Main.storyboard */,
				630F002721AE83690009D721 /* Assets.xcassets */,
				630F002921AE83690009D721 /* LaunchScreen.storyboard */,
				630F002C21AE83690009D721 /* Info.plist */,
				630F002D21AE83690009D721 /* main.m */,
			);
			path = ares;
			sourceTree = "<group>";
		};
		630F003421AE83C50009D721 /* sources */ = {
			isa = PBXGroup;
			children = (
				630F003821AE856E0009D721 /* ARESView.h */,
				630F003921AE856E0009D721 /* ARESView.m */,
				630F004821AE8D8B0009D721 /* ARESJSBridge.h */,
				630F004921AE8D8B0009D721 /* ARESJSBridge.m */,
				630F004B21AE8F620009D721 /* ARESJSEnvContext.h */,
				630F004C21AE8F620009D721 /* ARESJSEnvContext.m */,
				630F003B21AE861C0009D721 /* ARESScript.h */,
				630F003C21AE861C0009D721 /* ARESScript.m */,
				630F003E21AE86400009D721 /* ARESHandler.h */,
				630F003F21AE86400009D721 /* ARESHandler.m */,
				630F004121AE89450009D721 /* ARESCommand.h */,
				630F004221AE89450009D721 /* ARESCommand.m */,
				630F004421AE8D040009D721 /* commands */,
			);
			path = sources;
			sourceTree = "<group>";
		};
		630F003521AE83CE0009D721 /* scripts */ = {
			isa = PBXGroup;
			children = (
				630F003621AE83CE0009D721 /* drawCircle.js */,
			);
			name = scripts;
			path = ../examples/scripts;
			sourceTree = "<group>";
		};
		630F004421AE8D040009D721 /* commands */ = {
			isa = PBXGroup;
			children = (
				6312653A21B14B87000AA19A /* ARESSaveCommand.h */,
				6312653B21B14B87000AA19A /* ARESSaveCommand.m */,
				6312653D21B14B97000AA19A /* ARESRestoreCommand.h */,
				6312653E21B14B97000AA19A /* ARESRestoreCommand.m */,
				6312654021B14BA4000AA19A /* ARESScaleCommand.h */,
				6312654121B14BA4000AA19A /* ARESScaleCommand.m */,
				6312654321B14BAE000AA19A /* ARESRotateCommand.h */,
				6312654421B14BAE000AA19A /* ARESRotateCommand.m */,
				6312654621B14BBD000AA19A /* ARESTranslateCommand.h */,
				6312654721B14BBD000AA19A /* ARESTranslateCommand.m */,
				6312654921B14BCE000AA19A /* ARESTransformCommand.h */,
				6312654A21B14BCE000AA19A /* ARESTransformCommand.m */,
				6312654C21B14BDF000AA19A /* ARESSetTransformCommand.h */,
				6312654D21B14BDF000AA19A /* ARESSetTransformCommand.m */,
				6312650421AFD124000AA19A /* ARESGlobalAlphaCommand.h */,
				6312650521AFD124000AA19A /* ARESGlobalAlphaCommand.m */,
				630F004521AE8D200009D721 /* ARESFillStyleCommand.h */,
				630F004621AE8D200009D721 /* ARESFillStyleCommand.m */,
				6383E35521AF86FE007560D4 /* ARESStrokeStyleCommand.h */,
				6383E35621AF86FE007560D4 /* ARESStrokeStyleCommand.m */,
				6383E35821AF8763007560D4 /* ARESLineWidthCommand.h */,
				6383E35921AF8763007560D4 /* ARESLineWidthCommand.m */,
				6312650A21AFD427000AA19A /* ARESLineCapCommand.h */,
				6312650B21AFD427000AA19A /* ARESLineCapCommand.m */,
				6312650D21AFD457000AA19A /* ARESLineJoinCommand.h */,
				6312650E21AFD457000AA19A /* ARESLineJoinCommand.m */,
				6312651021AFD464000AA19A /* ARESMiterLimitCommand.h */,
				6312651121AFD464000AA19A /* ARESMiterLimitCommand.m */,
				630F004E21AE94DA0009D721 /* ARESFillRectCommand.h */,
				630F004F21AE94DA0009D721 /* ARESFillRectCommand.m */,
				6383E35B21AFC921007560D4 /* ARESStrokeRectCommand.h */,
				6383E35C21AFC921007560D4 /* ARESStrokeRectCommand.m */,
				6312650721AFD2CD000AA19A /* ARESClearRectCommand.h */,
				6312650821AFD2CD000AA19A /* ARESClearRectCommand.m */,
				6312651321AFF819000AA19A /* ARESBeginPathCommand.h */,
				6312651421AFF819000AA19A /* ARESBeginPathCommand.m */,
				6312651621AFF85C000AA19A /* ARESClosePathCommand.h */,
				6312651721AFF85C000AA19A /* ARESClosePathCommand.m */,
				6312651921AFF866000AA19A /* ARESStrokeCommand.h */,
				6312651A21AFF866000AA19A /* ARESStrokeCommand.m */,
				6312651C21AFF870000AA19A /* ARESFillCommand.h */,
				6312651D21AFF870000AA19A /* ARESFillCommand.m */,
				6312651F21AFF87A000AA19A /* ARESLineToCommand.h */,
				6312652021AFF87A000AA19A /* ARESLineToCommand.m */,
				6312652221AFF887000AA19A /* ARESMoveToCommand.h */,
				6312652321AFF887000AA19A /* ARESMoveToCommand.m */,
				6312652521AFF893000AA19A /* ARESRectCommand.h */,
				6312652621AFF893000AA19A /* ARESRectCommand.m */,
				6312652821AFF8A0000AA19A /* ARESQuadraticCurveToCommand.h */,
				6312652921AFF8A0000AA19A /* ARESQuadraticCurveToCommand.m */,
				6312652B21AFF8AB000AA19A /* ARESBezierCurveToCommand.h */,
				6312652C21AFF8AB000AA19A /* ARESBezierCurveToCommand.m */,
				6312652E21AFF8B7000AA19A /* ARESArcCommand.h */,
				6312652F21AFF8B7000AA19A /* ARESArcCommand.m */,
				6312653121AFF8C2000AA19A /* ARESArcToCommand.h */,
				6312653221AFF8C2000AA19A /* ARESArcToCommand.m */,
				6312653421AFF8CC000AA19A /* ARESClipCommand.h */,
				6312653521AFF8CC000AA19A /* ARESClipCommand.m */,
			);
			path = commands;
			sourceTree = "<group>";
		};
/* End PBXGroup section */

/* Begin PBXNativeTarget section */
		630F001A21AE83670009D721 /* ares */ = {
			isa = PBXNativeTarget;
			buildConfigurationList = 630F003121AE83690009D721 /* Build configuration list for PBXNativeTarget "ares" */;
			buildPhases = (
				630F001721AE83670009D721 /* Sources */,
				630F001821AE83670009D721 /* Frameworks */,
				630F001921AE83670009D721 /* Resources */,
			);
			buildRules = (
			);
			dependencies = (
			);
			name = ares;
			productName = ares;
			productReference = 630F001B21AE83670009D721 /* ares.app */;
			productType = "com.apple.product-type.application";
		};
/* End PBXNativeTarget section */

/* Begin PBXProject section */
		630F001321AE83670009D721 /* Project object */ = {
			isa = PBXProject;
			attributes = {
				CLASSPREFIX = ARES;
				LastUpgradeCheck = 1000;
				ORGANIZATIONNAME = "XT Studio";
				TargetAttributes = {
					630F001A21AE83670009D721 = {
						CreatedOnToolsVersion = 10.0;
					};
				};
			};
			buildConfigurationList = 630F001621AE83670009D721 /* Build configuration list for PBXProject "ares" */;
			compatibilityVersion = "Xcode 9.3";
			developmentRegion = en;
			hasScannedForEncodings = 0;
			knownRegions = (
				en,
				Base,
			);
			mainGroup = 630F001221AE83670009D721;
			productRefGroup = 630F001C21AE83670009D721 /* Products */;
			projectDirPath = "";
			projectRoot = "";
			targets = (
				630F001A21AE83670009D721 /* ares */,
			);
		};
/* End PBXProject section */

/* Begin PBXResourcesBuildPhase section */
		630F001921AE83670009D721 /* Resources */ = {
			isa = PBXResourcesBuildPhase;
			buildActionMask = 2147483647;
			files = (
				630F003721AE83CF0009D721 /* drawCircle.js in Resources */,
				630F002B21AE83690009D721 /* LaunchScreen.storyboard in Resources */,
				630F002821AE83690009D721 /* Assets.xcassets in Resources */,
				630F002621AE83680009D721 /* Main.storyboard in Resources */,
			);
			runOnlyForDeploymentPostprocessing = 0;
		};
/* End PBXResourcesBuildPhase section */

/* Begin PBXSourcesBuildPhase section */
		630F001721AE83670009D721 /* Sources */ = {
			isa = PBXSourcesBuildPhase;
			buildActionMask = 2147483647;
			files = (
				6312652721AFF893000AA19A /* ARESRectCommand.m in Sources */,
				6312654B21B14BCE000AA19A /* ARESTransformCommand.m in Sources */,
				6312650921AFD2CD000AA19A /* ARESClearRectCommand.m in Sources */,
				6312653321AFF8C2000AA19A /* ARESArcToCommand.m in Sources */,
				6312651521AFF819000AA19A /* ARESBeginPathCommand.m in Sources */,
				6312651E21AFF870000AA19A /* ARESFillCommand.m in Sources */,
				6312653F21B14B97000AA19A /* ARESRestoreCommand.m in Sources */,
				6312653C21B14B87000AA19A /* ARESSaveCommand.m in Sources */,
				6312652121AFF87A000AA19A /* ARESLineToCommand.m in Sources */,
				630F002321AE83680009D721 /* ViewController.m in Sources */,
				6312654821B14BBD000AA19A /* ARESTranslateCommand.m in Sources */,
				630F003D21AE861C0009D721 /* ARESScript.m in Sources */,
				6312651821AFF85C000AA19A /* ARESClosePathCommand.m in Sources */,
				6312652D21AFF8AB000AA19A /* ARESBezierCurveToCommand.m in Sources */,
				6383E35721AF86FE007560D4 /* ARESStrokeStyleCommand.m in Sources */,
				6312654221B14BA4000AA19A /* ARESScaleCommand.m in Sources */,
				630F002E21AE83690009D721 /* main.m in Sources */,
				6312652421AFF887000AA19A /* ARESMoveToCommand.m in Sources */,
				6312650C21AFD427000AA19A /* ARESLineCapCommand.m in Sources */,
				6312650F21AFD457000AA19A /* ARESLineJoinCommand.m in Sources */,
				630F004721AE8D200009D721 /* ARESFillStyleCommand.m in Sources */,
				630F002021AE83680009D721 /* AppDelegate.m in Sources */,
				630F003A21AE856E0009D721 /* ARESView.m in Sources */,
				6312653021AFF8B7000AA19A /* ARESArcCommand.m in Sources */,
				630F004321AE89450009D721 /* ARESCommand.m in Sources */,
				6383E35D21AFC921007560D4 /* ARESStrokeRectCommand.m in Sources */,
				6312651B21AFF866000AA19A /* ARESStrokeCommand.m in Sources */,
				6312654521B14BAE000AA19A /* ARESRotateCommand.m in Sources */,
				6312652A21AFF8A0000AA19A /* ARESQuadraticCurveToCommand.m in Sources */,
				6383E35A21AF8763007560D4 /* ARESLineWidthCommand.m in Sources */,
				630F005021AE94DA0009D721 /* ARESFillRectCommand.m in Sources */,
				6312650621AFD124000AA19A /* ARESGlobalAlphaCommand.m in Sources */,
				630F004021AE86400009D721 /* ARESHandler.m in Sources */,
				630F004A21AE8D8B0009D721 /* ARESJSBridge.m in Sources */,
				630F004D21AE8F620009D721 /* ARESJSEnvContext.m in Sources */,
				6312651221AFD464000AA19A /* ARESMiterLimitCommand.m in Sources */,
				6312654E21B14BDF000AA19A /* ARESSetTransformCommand.m in Sources */,
				6312653621AFF8CC000AA19A /* ARESClipCommand.m in Sources */,
			);
			runOnlyForDeploymentPostprocessing = 0;
		};
/* End PBXSourcesBuildPhase section */

/* Begin PBXVariantGroup section */
		630F002421AE83680009D721 /* Main.storyboard */ = {
			isa = PBXVariantGroup;
			children = (
				630F002521AE83680009D721 /* Base */,
			);
			name = Main.storyboard;
			sourceTree = "<group>";
		};
		630F002921AE83690009D721 /* LaunchScreen.storyboard */ = {
			isa = PBXVariantGroup;
			children = (
				630F002A21AE83690009D721 /* Base */,
			);
			name = LaunchScreen.storyboard;
			sourceTree = "<group>";
		};
/* End PBXVariantGroup section */

/* Begin XCBuildConfiguration section */
		630F002F21AE83690009D721 /* Debug */ = {
			isa = XCBuildConfiguration;
			buildSettings = {
				ALWAYS_SEARCH_USER_PATHS = NO;
				CLANG_ANALYZER_NONNULL = YES;
				CLANG_ANALYZER_NUMBER_OBJECT_CONVERSION = YES_AGGRESSIVE;
				CLANG_CXX_LANGUAGE_STANDARD = "gnu++14";
				CLANG_CXX_LIBRARY = "libc++";
				CLANG_ENABLE_MODULES = YES;
				CLANG_ENABLE_OBJC_ARC = YES;
				CLANG_ENABLE_OBJC_WEAK = YES;
				CLANG_WARN_BLOCK_CAPTURE_AUTORELEASING = YES;
				CLANG_WARN_BOOL_CONVERSION = YES;
				CLANG_WARN_COMMA = YES;
				CLANG_WARN_CONSTANT_CONVERSION = YES;
				CLANG_WARN_DEPRECATED_OBJC_IMPLEMENTATIONS = YES;
				CLANG_WARN_DIRECT_OBJC_ISA_USAGE = YES_ERROR;
				CLANG_WARN_DOCUMENTATION_COMMENTS = YES;
				CLANG_WARN_EMPTY_BODY = YES;
				CLANG_WARN_ENUM_CONVERSION = YES;
				CLANG_WARN_INFINITE_RECURSION = YES;
				CLANG_WARN_INT_CONVERSION = YES;
				CLANG_WARN_NON_LITERAL_NULL_CONVERSION = YES;
				CLANG_WARN_OBJC_IMPLICIT_RETAIN_SELF = YES;
				CLANG_WARN_OBJC_LITERAL_CONVERSION = YES;
				CLANG_WARN_OBJC_ROOT_CLASS = YES_ERROR;
				CLANG_WARN_RANGE_LOOP_ANALYSIS = YES;
				CLANG_WARN_STRICT_PROTOTYPES = YES;
				CLANG_WARN_SUSPICIOUS_MOVE = YES;
				CLANG_WARN_UNGUARDED_AVAILABILITY = YES_AGGRESSIVE;
				CLANG_WARN_UNREACHABLE_CODE = YES;
				CLANG_WARN__DUPLICATE_METHOD_MATCH = YES;
				CODE_SIGN_IDENTITY = "iPhone Developer";
				COPY_PHASE_STRIP = NO;
				DEBUG_INFORMATION_FORMAT = dwarf;
				ENABLE_STRICT_OBJC_MSGSEND = YES;
				ENABLE_TESTABILITY = YES;
				GCC_C_LANGUAGE_STANDARD = gnu11;
				GCC_DYNAMIC_NO_PIC = NO;
				GCC_NO_COMMON_BLOCKS = YES;
				GCC_OPTIMIZATION_LEVEL = 0;
				GCC_PREPROCESSOR_DEFINITIONS = (
					"DEBUG=1",
					"$(inherited)",
				);
				GCC_WARN_64_TO_32_BIT_CONVERSION = YES;
				GCC_WARN_ABOUT_RETURN_TYPE = YES_ERROR;
				GCC_WARN_UNDECLARED_SELECTOR = YES;
				GCC_WARN_UNINITIALIZED_AUTOS = YES_AGGRESSIVE;
				GCC_WARN_UNUSED_FUNCTION = YES;
				GCC_WARN_UNUSED_VARIABLE = YES;
				IPHONEOS_DEPLOYMENT_TARGET = 12.0;
				MTL_ENABLE_DEBUG_INFO = INCLUDE_SOURCE;
				MTL_FAST_MATH = YES;
				ONLY_ACTIVE_ARCH = YES;
				SDKROOT = iphoneos;
			};
			name = Debug;
		};
		630F003021AE83690009D721 /* Release */ = {
			isa = XCBuildConfiguration;
			buildSettings = {
				ALWAYS_SEARCH_USER_PATHS = NO;
				CLANG_ANALYZER_NONNULL = YES;
				CLANG_ANALYZER_NUMBER_OBJECT_CONVERSION = YES_AGGRESSIVE;
				CLANG_CXX_LANGUAGE_STANDARD = "gnu++14";
				CLANG_CXX_LIBRARY = "libc++";
				CLANG_ENABLE_MODULES = YES;
				CLANG_ENABLE_OBJC_ARC = YES;
				CLANG_ENABLE_OBJC_WEAK = YES;
				CLANG_WARN_BLOCK_CAPTURE_AUTORELEASING = YES;
				CLANG_WARN_BOOL_CONVERSION = YES;
				CLANG_WARN_COMMA = YES;
				CLANG_WARN_CONSTANT_CONVERSION = YES;
				CLANG_WARN_DEPRECATED_OBJC_IMPLEMENTATIONS = YES;
				CLANG_WARN_DIRECT_OBJC_ISA_USAGE = YES_ERROR;
				CLANG_WARN_DOCUMENTATION_COMMENTS = YES;
				CLANG_WARN_EMPTY_BODY = YES;
				CLANG_WARN_ENUM_CONVERSION = YES;
				CLANG_WARN_INFINITE_RECURSION = YES;
				CLANG_WARN_INT_CONVERSION = YES;
				CLANG_WARN_NON_LITERAL_NULL_CONVERSION = YES;
				CLANG_WARN_OBJC_IMPLICIT_RETAIN_SELF = YES;
				CLANG_WARN_OBJC_LITERAL_CONVERSION = YES;
				CLANG_WARN_OBJC_ROOT_CLASS = YES_ERROR;
				CLANG_WARN_RANGE_LOOP_ANALYSIS = YES;
				CLANG_WARN_STRICT_PROTOTYPES = YES;
				CLANG_WARN_SUSPICIOUS_MOVE = YES;
				CLANG_WARN_UNGUARDED_AVAILABILITY = YES_AGGRESSIVE;
				CLANG_WARN_UNREACHABLE_CODE = YES;
				CLANG_WARN__DUPLICATE_METHOD_MATCH = YES;
				CODE_SIGN_IDENTITY = "iPhone Developer";
				COPY_PHASE_STRIP = NO;
				DEBUG_INFORMATION_FORMAT = "dwarf-with-dsym";
				ENABLE_NS_ASSERTIONS = NO;
				ENABLE_STRICT_OBJC_MSGSEND = YES;
				GCC_C_LANGUAGE_STANDARD = gnu11;
				GCC_NO_COMMON_BLOCKS = YES;
				GCC_WARN_64_TO_32_BIT_CONVERSION = YES;
				GCC_WARN_ABOUT_RETURN_TYPE = YES_ERROR;
				GCC_WARN_UNDECLARED_SELECTOR = YES;
				GCC_WARN_UNINITIALIZED_AUTOS = YES_AGGRESSIVE;
				GCC_WARN_UNUSED_FUNCTION = YES;
				GCC_WARN_UNUSED_VARIABLE = YES;
				IPHONEOS_DEPLOYMENT_TARGET = 12.0;
				MTL_ENABLE_DEBUG_INFO = NO;
				MTL_FAST_MATH = YES;
				SDKROOT = iphoneos;
				VALIDATE_PRODUCT = YES;
			};
			name = Release;
		};
		630F003221AE83690009D721 /* Debug */ = {
			isa = XCBuildConfiguration;
			buildSettings = {
				ASSETCATALOG_COMPILER_APPICON_NAME = AppIcon;
				CODE_SIGN_STYLE = Automatic;
				DEVELOPMENT_TEAM = 544P5CH38C;
				INFOPLIST_FILE = ares/Info.plist;
				LD_RUNPATH_SEARCH_PATHS = (
					"$(inherited)",
					"@executable_path/Frameworks",
				);
				PRODUCT_BUNDLE_IDENTIFIER = com.xt.ares;
				PRODUCT_NAME = "$(TARGET_NAME)";
				TARGETED_DEVICE_FAMILY = "1,2";
			};
			name = Debug;
		};
		630F003321AE83690009D721 /* Release */ = {
			isa = XCBuildConfiguration;
			buildSettings = {
				ASSETCATALOG_COMPILER_APPICON_NAME = AppIcon;
				CODE_SIGN_STYLE = Automatic;
				DEVELOPMENT_TEAM = 544P5CH38C;
				INFOPLIST_FILE = ares/Info.plist;
				LD_RUNPATH_SEARCH_PATHS = (
					"$(inherited)",
					"@executable_path/Frameworks",
				);
				PRODUCT_BUNDLE_IDENTIFIER = com.xt.ares;
				PRODUCT_NAME = "$(TARGET_NAME)";
				TARGETED_DEVICE_FAMILY = "1,2";
			};
			name = Release;
		};
/* End XCBuildConfiguration section */

/* Begin XCConfigurationList section */
		630F001621AE83670009D721 /* Build configuration list for PBXProject "ares" */ = {
			isa = XCConfigurationList;
			buildConfigurations = (
				630F002F21AE83690009D721 /* Debug */,
				630F003021AE83690009D721 /* Release */,
			);
			defaultConfigurationIsVisible = 0;
			defaultConfigurationName = Release;
		};
		630F003121AE83690009D721 /* Build configuration list for PBXNativeTarget "ares" */ = {
			isa = XCConfigurationList;
			buildConfigurations = (
				630F003221AE83690009D721 /* Debug */,
				630F003321AE83690009D721 /* Release */,
			);
			defaultConfigurationIsVisible = 0;
			defaultConfigurationName = Release;
		};
/* End XCConfigurationList section */
	};
	rootObject = 630F001321AE83670009D721 /* Project object */;
}
